// !$*UTF8*$!
{
	archiveVersion = 1;
	classes = {
	};
	objectVersion = 46;
	objects = {

/* Begin PBXBuildFile section */
		C10213951F67DB2F002DF98E /* AppDelegate.swift in Sources */ = {isa = PBXBuildFile; fileRef = C10213941F67DB2F002DF98E /* AppDelegate.swift */; };
		C10213971F67DB2F002DF98E /* ViewController.swift in Sources */ = {isa = PBXBuildFile; fileRef = C10213961F67DB2F002DF98E /* ViewController.swift */; };
		C102139A1F67DB2F002DF98E /* Main.storyboard in Resources */ = {isa = PBXBuildFile; fileRef = C10213981F67DB2F002DF98E /* Main.storyboard */; };
		C102139C1F67DB2F002DF98E /* Assets.xcassets in Resources */ = {isa = PBXBuildFile; fileRef = C102139B1F67DB2F002DF98E /* Assets.xcassets */; };
		C102139F1F67DB2F002DF98E /* LaunchScreen.storyboard in Resources */ = {isa = PBXBuildFile; fileRef = C102139D1F67DB2F002DF98E /* LaunchScreen.storyboard */; };
		C10213AA1F67DB30002DF98E /* Hello_WorldTests.swift in Sources */ = {isa = PBXBuildFile; fileRef = C10213A91F67DB30002DF98E /* Hello_WorldTests.swift */; };
		C10213B51F67DB30002DF98E /* Hello_WorldUITests.swift in Sources */ = {isa = PBXBuildFile; fileRef = C10213B41F67DB30002DF98E /* Hello_WorldUITests.swift */; };
/* End PBXBuildFile section */

/* Begin PBXContainerItemProxy section */
		C10213A61F67DB30002DF98E /* PBXContainerItemProxy */ = {
			isa = PBXContainerItemProxy;
			containerPortal = C10213891F67DB2F002DF98E /* Project object */;
			proxyType = 1;
			remoteGlobalIDString = C10213901F67DB2F002DF98E;
			remoteInfo = "Hello World";
		};
		C10213B11F67DB30002DF98E /* PBXContainerItemProxy */ = {
			isa = PBXContainerItemProxy;
			containerPortal = C10213891F67DB2F002DF98E /* Project object */;
			proxyType = 1;
			remoteGlobalIDString = C10213901F67DB2F002DF98E;
			remoteInfo = "Hello World";
		};
/* End PBXContainerItemProxy section */

/* Begin PBXFileReference section */
		C10213911F67DB2F002DF98E /* Hello World.app */ = {isa = PBXFileReference; explicitFileType = wrapper.application; includeInIndex = 0; path = "Hello World.app"; sourceTree = BUILT_PRODUCTS_DIR; };
		C10213941F67DB2F002DF98E /* AppDelegate.swift */ = {isa = PBXFileReference; lastKnownFileType = sourcecode.swift; path = AppDelegate.swift; sourceTree = "<group>"; };
		C10213961F67DB2F002DF98E /* ViewController.swift */ = {isa = PBXFileReference; lastKnownFileType = sourcecode.swift; path = ViewController.swift; sourceTree = "<group>"; };
		C10213991F67DB2F002DF98E /* Base */ = {isa = PBXFileReference; lastKnownFileType = file.storyboard; name = Base; path = Base.lproj/Main.storyboard; sourceTree = "<group>"; };
		C102139B1F67DB2F002DF98E /* Assets.xcassets */ = {isa = PBXFileReference; lastKnownFileType = folder.assetcatalog; path = Assets.xcassets; sourceTree = "<group>"; };
		C102139E1F67DB2F002DF98E /* Base */ = {isa = PBXFileReference; lastKnownFileType = file.storyboard; name = Base; path = Base.lproj/LaunchScreen.storyboard; sourceTree = "<group>"; };
		C10213A01F67DB2F002DF98E /* Info.plist */ = {isa = PBXFileReference; lastKnownFileType = text.plist.xml; path = Info.plist; sourceTree = "<group>"; };
		C10213A51F67DB30002DF98E /* Hello WorldTests.xctest */ = {isa = PBXFileReference; explicitFileType = wrapper.cfbundle; includeInIndex = 0; path = "Hello WorldTests.xctest"; sourceTree = BUILT_PRODUCTS_DIR; };
		C10213A91F67DB30002DF98E /* Hello_WorldTests.swift */ = {isa = PBXFileReference; lastKnownFileType = sourcecode.swift; path = Hello_WorldTests.swift; sourceTree = "<group>"; };
		C10213AB1F67DB30002DF98E /* Info.plist */ = {isa = PBXFileReference; lastKnownFileType = text.plist.xml; path = Info.plist; sourceTree = "<group>"; };
		C10213B01F67DB30002DF98E /* Hello WorldUITests.xctest */ = {isa = PBXFileReference; explicitFileType = wrapper.cfbundle; includeInIndex = 0; path = "Hello WorldUITests.xctest"; sourceTree = BUILT_PRODUCTS_DIR; };
		C10213B41F67DB30002DF98E /* Hello_WorldUITests.swift */ = {isa = PBXFileReference; lastKnownFileType = sourcecode.swift; path = Hello_WorldUITests.swift; sourceTree = "<group>"; };
		C10213B61F67DB30002DF98E /* Info.plist */ = {isa = PBXFileReference; lastKnownFileType = text.plist.xml; path = Info.plist; sourceTree = "<group>"; };
/* End PBXFileReference section */

/* Begin PBXFrameworksBuildPhase section */
		C102138E1F67DB2F002DF98E /* Frameworks */ = {
			isa = PBXFrameworksBuildPhase;
			buildActionMask = 2147483647;
			files = (
			);
			runOnlyForDeploymentPostprocessing = 0;
		};
		C10213A21F67DB30002DF98E /* Frameworks */ = {
			isa = PBXFrameworksBuildPhase;
			buildActionMask = 2147483647;
			files = (
			);
			runOnlyForDeploymentPostprocessing = 0;
		};
		C10213AD1F67DB30002DF98E /* Frameworks */ = {
			isa = PBXFrameworksBuildPhase;
			buildActionMask = 2147483647;
			files = (
			);
			runOnlyForDeploymentPostprocessing = 0;
		};
/* End PBXFrameworksBuildPhase section */

/* Begin PBXGroup section */
		C10213881F67DB2F002DF98E = {
			isa = PBXGroup;
			children = (
				C10213931F67DB2F002DF98E /* Hello World */,
				C10213A81F67DB30002DF98E /* Hello WorldTests */,
				C10213B31F67DB30002DF98E /* Hello WorldUITests */,
				C10213921F67DB2F002DF98E /* Products */,
			);
			sourceTree = "<group>";
		};
		C10213921F67DB2F002DF98E /* Products */ = {
			isa = PBXGroup;
			children = (
				C10213911F67DB2F002DF98E /* Hello World.app */,
				C10213A51F67DB30002DF98E /* Hello WorldTests.xctest */,
				C10213B01F67DB30002DF98E /* Hello WorldUITests.xctest */,
			);
			name = Products;
			sourceTree = "<group>";
		};
		C10213931F67DB2F002DF98E /* Hello World */ = {
			isa = PBXGroup;
			children = (
				C10213941F67DB2F002DF98E /* AppDelegate.swift */,
				C10213961F67DB2F002DF98E /* ViewController.swift */,
				C10213981F67DB2F002DF98E /* Main.storyboard */,
				C102139B1F67DB2F002DF98E /* Assets.xcassets */,
				C102139D1F67DB2F002DF98E /* LaunchScreen.storyboard */,
				C10213A01F67DB2F002DF98E /* Info.plist */,
			);
			path = "Hello World";
			sourceTree = "<group>";
		};
		C10213A81F67DB30002DF98E /* Hello WorldTests */ = {
			isa = PBXGroup;
			children = (
				C10213A91F67DB30002DF98E /* Hello_WorldTests.swift */,
				C10213AB1F67DB30002DF98E /* Info.plist */,
			);
			path = "Hello WorldTests";
			sourceTree = "<group>";
		};
		C10213B31F67DB30002DF98E /* Hello WorldUITests */ = {
			isa = PBXGroup;
			children = (
				C10213B41F67DB30002DF98E /* Hello_WorldUITests.swift */,
				C10213B61F67DB30002DF98E /* Info.plist */,
			);
			path = "Hello WorldUITests";
			sourceTree = "<group>";
		};
/* End PBXGroup section */

/* Begin PBXNativeTarget section */
		C10213901F67DB2F002DF98E /* Hello World */ = {
			isa = PBXNativeTarget;
			buildConfigurationList = C10213B91F67DB30002DF98E /* Build configuration list for PBXNativeTarget "Hello World" */;
			buildPhases = (
				C102138D1F67DB2F002DF98E /* Sources */,
				C102138E1F67DB2F002DF98E /* Frameworks */,
				C102138F1F67DB2F002DF98E /* Resources */,
			);
			buildRules = (
			);
			dependencies = (
			);
			name = "Hello World";
			productName = "Hello World";
			productReference = C10213911F67DB2F002DF98E /* Hello World.app */;
			productType = "com.apple.product-type.application";
		};
		C10213A41F67DB30002DF98E /* Hello WorldTests */ = {
			isa = PBXNativeTarget;
			buildConfigurationList = C10213BC1F67DB30002DF98E /* Build configuration list for PBXNativeTarget "Hello WorldTests" */;
			buildPhases = (
				C10213A11F67DB30002DF98E /* Sources */,
				C10213A21F67DB30002DF98E /* Frameworks */,
				C10213A31F67DB30002DF98E /* Resources */,
			);
			buildRules = (
			);
			dependencies = (
				C10213A71F67DB30002DF98E /* PBXTargetDependency */,
			);
			name = "Hello WorldTests";
			productName = "Hello WorldTests";
			productReference = C10213A51F67DB30002DF98E /* Hello WorldTests.xctest */;
			productType = "com.apple.product-type.bundle.unit-test";
		};
		C10213AF1F67DB30002DF98E /* Hello WorldUITests */ = {
			isa = PBXNativeTarget;
			buildConfigurationList = C10213BF1F67DB30002DF98E /* Build configuration list for PBXNativeTarget "Hello WorldUITests" */;
			buildPhases = (
				C10213AC1F67DB30002DF98E /* Sources */,
				C10213AD1F67DB30002DF98E /* Frameworks */,
				C10213AE1F67DB30002DF98E /* Resources */,
			);
			buildRules = (
			);
			dependencies = (
				C10213B21F67DB30002DF98E /* PBXTargetDependency */,
			);
			name = "Hello WorldUITests";
			productName = "Hello WorldUITests";
			productReference = C10213B01F67DB30002DF98E /* Hello WorldUITests.xctest */;
			productType = "com.apple.product-type.bundle.ui-testing";
		};
/* End PBXNativeTarget section */

/* Begin PBXProject section */
		C10213891F67DB2F002DF98E /* Project object */ = {
			isa = PBXProject;
			attributes = {
				LastSwiftUpdateCheck = 0800;
				LastUpgradeCheck = 0800;
				ORGANIZATIONNAME = kurisu;
				TargetAttributes = {
					C10213901F67DB2F002DF98E = {
						CreatedOnToolsVersion = 8.0;
						DevelopmentTeam = Q8M5W849NJ;
						ProvisioningStyle = Automatic;
					};
					C10213A41F67DB30002DF98E = {
						CreatedOnToolsVersion = 8.0;
						ProvisioningStyle = Automatic;
						TestTargetID = C10213901F67DB2F002DF98E;
					};
					C10213AF1F67DB30002DF98E = {
						CreatedOnToolsVersion = 8.0;
						ProvisioningStyle = Automatic;
						TestTargetID = C10213901F67DB2F002DF98E;
					};
				};
			};
			buildConfigurationList = C102138C1F67DB2F002DF98E /* Build configuration list for PBXProject "Hello World" */;
			compatibilityVersion = "Xcode 3.2";
			developmentRegion = English;
			hasScannedForEncodings = 0;
			knownRegions = (
				en,
				Base,
			);
			mainGroup = C10213881F67DB2F002DF98E;
			productRefGroup = C10213921F67DB2F002DF98E /* Products */;
			projectDirPath = "";
			projectRoot = "";
			targets = (
				C10213901F67DB2F002DF98E /* Hello World */,
				C10213A41F67DB30002DF98E /* Hello WorldTests */,
				C10213AF1F67DB30002DF98E /* Hello WorldUITests */,
			);
		};
/* End PBXProject section */

/* Begin PBXResourcesBuildPhase section */
		C102138F1F67DB2F002DF98E /* Resources */ = {
			isa = PBXResourcesBuildPhase;
			buildActionMask = 2147483647;
			files = (
				C102139F1F67DB2F002DF98E /* LaunchScreen.storyboard in Resources */,
				C102139C1F67DB2F002DF98E /* Assets.xcassets in Resources */,
				C102139A1F67DB2F002DF98E /* Main.storyboard in Resources */,
			);
			runOnlyForDeploymentPostprocessing = 0;
		};
		C10213A31F67DB30002DF98E /* Resources */ = {
			isa = PBXResourcesBuildPhase;
			buildActionMask = 2147483647;
			files = (
			);
			runOnlyForDeploymentPostprocessing = 0;
		};
		C10213AE1F67DB30002DF98E /* Resources */ = {
			isa = PBXResourcesBuildPhase;
			buildActionMask = 2147483647;
			files = (
			);
			runOnlyForDeploymentPostprocessing = 0;
		};
/* End PBXResourcesBuildPhase section */

/* Begin PBXSourcesBuildPhase section */
		C102138D1F67DB2F002DF98E /* Sources */ = {
			isa = PBXSourcesBuildPhase;
			buildActionMask = 2147483647;
			files = (
				C10213971F67DB2F002DF98E /* ViewController.swift in Sources */,
				C10213951F67DB2F002DF98E /* AppDelegate.swift in Sources */,
			);
			runOnlyForDeploymentPostprocessing = 0;
		};
		C10213A11F67DB30002DF98E /* Sources */ = {
			isa = PBXSourcesBuildPhase;
			buildActionMask = 2147483647;
			files = (
				C10213AA1F67DB30002DF98E /* Hello_WorldTests.swift in Sources */,
			);
			runOnlyForDeploymentPostprocessing = 0;
		};
		C10213AC1F67DB30002DF98E /* Sources */ = {
			isa = PBXSourcesBuildPhase;
			buildActionMask = 2147483647;
			files = (
				C10213B51F67DB30002DF98E /* Hello_WorldUITests.swift in Sources */,
			);
			runOnlyForDeploymentPostprocessing = 0;
		};
/* End PBXSourcesBuildPhase section */

/* Begin PBXTargetDependency section */
		C10213A71F67DB30002DF98E /* PBXTargetDependency */ = {
			isa = PBXTargetDependency;
			target = C10213901F67DB2F002DF98E /* Hello World */;
			targetProxy = C10213A61F67DB30002DF98E /* PBXContainerItemProxy */;
		};
		C10213B21F67DB30002DF98E /* PBXTargetDependency */ = {
			isa = PBXTargetDependency;
			target = C10213901F67DB2F002DF98E /* Hello World */;
			targetProxy = C10213B11F67DB30002DF98E /* PBXContainerItemProxy */;
		};
/* End PBXTargetDependency section */

/* Begin PBXVariantGroup section */
		C10213981F67DB2F002DF98E /* Main.storyboard */ = {
			isa = PBXVariantGroup;
			children = (
				C10213991F67DB2F002DF98E /* Base */,
			);
			name = Main.storyboard;
			sourceTree = "<group>";
		};
		C102139D1F67DB2F002DF98E /* LaunchScreen.storyboard */ = {
			isa = PBXVariantGroup;
			children = (
				C102139E1F67DB2F002DF98E /* Base */,
			);
			name = LaunchScreen.storyboard;
			sourceTree = "<group>";
		};
/* End PBXVariantGroup section */

/* Begin XCBuildConfiguration section */
		C10213B71F67DB30002DF98E /* Debug */ = {
			isa = XCBuildConfiguration;
			buildSettings = {
				ALWAYS_SEARCH_USER_PATHS = NO;
				CLANG_ANALYZER_NONNULL = YES;
				CLANG_CXX_LANGUAGE_STANDARD = "gnu++0x";
				CLANG_CXX_LIBRARY = "libc++";
				CLANG_ENABLE_MODULES = YES;
				CLANG_ENABLE_OBJC_ARC = YES;
				CLANG_WARN_BOOL_CONVERSION = YES;
				CLANG_WARN_CONSTANT_CONVERSION = YES;
				CLANG_WARN_DIRECT_OBJC_ISA_USAGE = YES_ERROR;
				CLANG_WARN_DOCUMENTATION_COMMENTS = YES;
				CLANG_WARN_EMPTY_BODY = YES;
				CLANG_WARN_ENUM_CONVERSION = YES;
				CLANG_WARN_INFINITE_RECURSION = YES;
				CLANG_WARN_INT_CONVERSION = YES;
				CLANG_WARN_OBJC_ROOT_CLASS = YES_ERROR;
				CLANG_WARN_SUSPICIOUS_MOVES = YES;
				CLANG_WARN_UNREACHABLE_CODE = YES;
				CLANG_WARN__DUPLICATE_METHOD_MATCH = YES;
				"CODE_SIGN_IDENTITY[sdk=iphoneos*]" = "iPhone Developer";
				COPY_PHASE_STRIP = NO;
				DEBUG_INFORMATION_FORMAT = dwarf;
				ENABLE_STRICT_OBJC_MSGSEND = YES;
				ENABLE_TESTABILITY = YES;
				GCC_C_LANGUAGE_STANDARD = gnu99;
				GCC_DYNAMIC_NO_PIC = NO;
				GCC_NO_COMMON_BLOCKS = YES;
				GCC_OPTIMIZATION_LEVEL = 0;
				GCC_PREPROCESSOR_DEFINITIONS = (
					"DEBUG=1",
					"$(inherited)",
				);
				GCC_WARN_64_TO_32_BIT_CONVERSION = YES;
				GCC_WARN_ABOUT_RETURN_TYPE = YES_ERROR;
				GCC_WARN_UNDECLARED_SELECTOR = YES;
				GCC_WARN_UNINITIALIZED_AUTOS = YES_AGGRESSIVE;
				GCC_WARN_UNUSED_FUNCTION = YES;
				GCC_WARN_UNUSED_VARIABLE = YES;
				IPHONEOS_DEPLOYMENT_TARGET = 10.0;
				MTL_ENABLE_DEBUG_INFO = YES;
				ONLY_ACTIVE_ARCH = YES;
				SDKROOT = iphoneos;
				SWIFT_ACTIVE_COMPILATION_CONDITIONS = DEBUG;
				SWIFT_OPTIMIZATION_LEVEL = "-Onone";
				TARGETED_DEVICE_FAMILY = "1,2";
			};
			name = Debug;
		};
		C10213B81F67DB30002DF98E /* Release */ = {
			isa = XCBuildConfiguration;
			buildSettings = {
				ALWAYS_SEARCH_USER_PATHS = NO;
				CLANG_ANALYZER_NONNULL = YES;
				CLANG_CXX_LANGUAGE_STANDARD = "gnu++0x";
				CLANG_CXX_LIBRARY = "libc++";
				CLANG_ENABLE_MODULES = YES;
				CLANG_ENABLE_OBJC_ARC = YES;
				CLANG_WARN_BOOL_CONVERSION = YES;
				CLANG_WARN_CONSTANT_CONVERSION = YES;
				CLANG_WARN_DIRECT_OBJC_ISA_USAGE = YES_ERROR;
				CLANG_WARN_DOCUMENTATION_COMMENTS = YES;
				CLANG_WARN_EMPTY_BODY = YES;
				CLANG_WARN_ENUM_CONVERSION = YES;
				CLANG_WARN_INFINITE_RECURSION = YES;
				CLANG_WARN_INT_CONVERSION = YES;
				CLANG_WARN_OBJC_ROOT_CLASS = YES_ERROR;
				CLANG_WARN_SUSPICIOUS_MOVES = YES;
				CLANG_WARN_UNREACHABLE_CODE = YES;
				CLANG_WARN__DUPLICATE_METHOD_MATCH = YES;
				"CODE_SIGN_IDENTITY[sdk=iphoneos*]" = "iPhone Developer";
				COPY_PHASE_STRIP = NO;
				DEBUG_INFORMATION_FORMAT = "dwarf-with-dsym";
				ENABLE_NS_ASSERTIONS = NO;
				ENABLE_STRICT_OBJC_MSGSEND = YES;
				GCC_C_LANGUAGE_STANDARD = gnu99;
				GCC_NO_COMMON_BLOCKS = YES;
				GCC_WARN_64_TO_32_BIT_CONVERSION = YES;
				GCC_WARN_ABOUT_RETURN_TYPE = YES_ERROR;
				GCC_WARN_UNDECLARED_SELECTOR = YES;
				GCC_WARN_UNINITIALIZED_AUTOS = YES_AGGRESSIVE;
				GCC_WARN_UNUSED_FUNCTION = YES;
				GCC_WARN_UNUSED_VARIABLE = YES;
				IPHONEOS_DEPLOYMENT_TARGET = 10.0;
				MTL_ENABLE_DEBUG_INFO = NO;
				SDKROOT = iphoneos;
				SWIFT_OPTIMIZATION_LEVEL = "-Owholemodule";
				TARGETED_DEVICE_FAMILY = "1,2";
				VALIDATE_PRODUCT = YES;
			};
			name = Release;
		};
		C10213BA1F67DB30002DF98E /* Debug */ = {
			isa = XCBuildConfiguration;
			buildSettings = {
				ASSETCATALOG_COMPILER_APPICON_NAME = AppIcon;
				DEVELOPMENT_TEAM = Q8M5W849NJ;
				INFOPLIST_FILE = "Hello World/Info.plist";
				LD_RUNPATH_SEARCH_PATHS = "$(inherited) @executable_path/Frameworks";
				PRODUCT_BUNDLE_IDENTIFIER = "NJU.Hello-World";
				PRODUCT_NAME = "$(TARGET_NAME)";
				SWIFT_VERSION = 3.0;
				TARGETED_DEVICE_FAMILY = 1;
			};
			name = Debug;
		};
		C10213BB1F67DB30002DF98E /* Release */ = {
			isa = XCBuildConfiguration;
			buildSettings = {
				ASSETCATALOG_COMPILER_APPICON_NAME = AppIcon;
				DEVELOPMENT_TEAM = Q8M5W849NJ;
				INFOPLIST_FILE = "Hello World/Info.plist";
				LD_RUNPATH_SEARCH_PATHS = "$(inherited) @executable_path/Frameworks";
				PRODUCT_BUNDLE_IDENTIFIER = "NJU.Hello-World";
				PRODUCT_NAME = "$(TARGET_NAME)";
				SWIFT_VERSION = 3.0;
				TARGETED_DEVICE_FAMILY = 1;
			};
			name = Release;
		};
		C10213BD1F67DB30002DF98E /* Debug */ = {
			isa = XCBuildConfiguration;
			buildSettings = {
				ALWAYS_EMBED_SWIFT_STANDARD_LIBRARIES = YES;
				BUNDLE_LOADER = "$(TEST_HOST)";
				INFOPLIST_FILE = "Hello WorldTests/Info.plist";
				LD_RUNPATH_SEARCH_PATHS = "$(inherited) @executable_path/Frameworks @loader_path/Frameworks";
				PRODUCT_BUNDLE_IDENTIFIER = "NJU.Hello-WorldTests";
				PRODUCT_NAME = "$(TARGET_NAME)";
				SWIFT_VERSION = 3.0;
				TEST_HOST = "$(BUILT_PRODUCTS_DIR)/Hello World.app/Hello World";
			};
			name = Debug;
		};
		C10213BE1F67DB30002DF98E /* Release */ = {
			isa = XCBuildConfiguration;
			buildSettings = {
				ALWAYS_EMBED_SWIFT_STANDARD_LIBRARIES = YES;
				BUNDLE_LOADER = "$(TEST_HOST)";
				INFOPLIST_FILE = "Hello WorldTests/Info.plist";
				LD_RUNPATH_SEARCH_PATHS = "$(inherited) @executable_path/Frameworks @loader_path/Frameworks";
				PRODUCT_BUNDLE_IDENTIFIER = "NJU.Hello-WorldTests";
				PRODUCT_NAME = "$(TARGET_NAME)";
				SWIFT_VERSION = 3.0;
				TEST_HOST = "$(BUILT_PRODUCTS_DIR)/Hello World.app/Hello World";
			};
			name = Release;
		};
		C10213C01F67DB30002DF98E /* Debug */ = {
			isa = XCBuildConfiguration;
			buildSettings = {
				ALWAYS_EMBED_SWIFT_STANDARD_LIBRARIES = YES;
				INFOPLIST_FILE = "Hello WorldUITests/Info.plist";
				LD_RUNPATH_SEARCH_PATHS = "$(inherited) @executable_path/Frameworks @loader_path/Frameworks";
				PRODUCT_BUNDLE_IDENTIFIER = "NJU.Hello-WorldUITests";
				PRODUCT_NAME = "$(TARGET_NAME)";
				SWIFT_VERSION = 3.0;
				TEST_TARGET_NAME = "Hello World";
			};
			name = Debug;
		};
		C10213C11F67DB30002DF98E /* Release */ = {
			isa = XCBuildConfiguration;
			buildSettings = {
				ALWAYS_EMBED_SWIFT_STANDARD_LIBRARIES = YES;
				INFOPLIST_FILE = "Hello WorldUITests/Info.plist";
				LD_RUNPATH_SEARCH_PATHS = "$(inherited) @executable_path/Frameworks @loader_path/Frameworks";
				PRODUCT_BUNDLE_IDENTIFIER = "NJU.Hello-WorldUITests";
				PRODUCT_NAME = "$(TARGET_NAME)";
				SWIFT_VERSION = 3.0;
				TEST_TARGET_NAME = "Hello World";
			};
			name = Release;
		};
/* End XCBuildConfiguration section */

/* Begin XCConfigurationList section */
		C102138C1F67DB2F002DF98E /* Build configuration list for PBXProject "Hello World" */ = {
			isa = XCConfigurationList;
			buildConfigurations = (
				C10213B71F67DB30002DF98E /* Debug */,
				C10213B81F67DB30002DF98E /* Release */,
			);
			defaultConfigurationIsVisible = 0;
			defaultConfigurationName = Release;
		};
		C10213B91F67DB30002DF98E /* Build configuration list for PBXNativeTarget "Hello World" */ = {
			isa = XCConfigurationList;
			buildConfigurations = (
				C10213BA1F67DB30002DF98E /* Debug */,
				C10213BB1F67DB30002DF98E /* Release */,
			);
			defaultConfigurationIsVisible = 0;
			defaultConfigurationName = Release;
		};
		C10213BC1F67DB30002DF98E /* Build configuration list for PBXNativeTarget "Hello WorldTests" */ = {
			isa = XCConfigurationList;
			buildConfigurations = (
				C10213BD1F67DB30002DF98E /* Debug */,
				C10213BE1F67DB30002DF98E /* Release */,
			);
			defaultConfigurationIsVisible = 0;
			defaultConfigurationName = Release;
		};
		C10213BF1F67DB30002DF98E /* Build configuration list for PBXNativeTarget "Hello WorldUITests" */ = {
			isa = XCConfigurationList;
			buildConfigurations = (
				C10213C01F67DB30002DF98E /* Debug */,
				C10213C11F67DB30002DF98E /* Release */,
			);
			defaultConfigurationIsVisible = 0;
			defaultConfigurationName = Release;
		};
/* End XCConfigurationList section */
	};
	rootObject = C10213891F67DB2F002DF98E /* Project object */;
}
