// !$*UTF8*$!
{
	archiveVersion = 1;
	classes = {
	};
	objectVersion = 46;
	objects = {

/* Begin PBXBuildFile section */
		286A12751F66819000A82B08 /* AppDelegate.swift in Sources */ = {isa = PBXBuildFile; fileRef = 286A12741F66819000A82B08 /* AppDelegate.swift */; };
		286A12771F66819000A82B08 /* ViewController.swift in Sources */ = {isa = PBXBuildFile; fileRef = 286A12761F66819000A82B08 /* ViewController.swift */; };
		286A127A1F66819000A82B08 /* Main.storyboard in Resources */ = {isa = PBXBuildFile; fileRef = 286A12781F66819000A82B08 /* Main.storyboard */; };
		286A127C1F66819000A82B08 /* Assets.xcassets in Resources */ = {isa = PBXBuildFile; fileRef = 286A127B1F66819000A82B08 /* Assets.xcassets */; };
		286A127F1F66819000A82B08 /* LaunchScreen.storyboard in Resources */ = {isa = PBXBuildFile; fileRef = 286A127D1F66819000A82B08 /* LaunchScreen.storyboard */; };
		286A128A1F66819000A82B08 /* Hello_WorldTests.swift in Sources */ = {isa = PBXBuildFile; fileRef = 286A12891F66819000A82B08 /* Hello_WorldTests.swift */; };
		286A12951F66819000A82B08 /* Hello_WorldUITests.swift in Sources */ = {isa = PBXBuildFile; fileRef = 286A12941F66819000A82B08 /* Hello_WorldUITests.swift */; };
		286A12A31F6684CA00A82B08 /* Main.storyboard in Resources */ = {isa = PBXBuildFile; fileRef = 286A12A21F6684CA00A82B08 /* Main.storyboard */; };
/* End PBXBuildFile section */

/* Begin PBXContainerItemProxy section */
		286A12861F66819000A82B08 /* PBXContainerItemProxy */ = {
			isa = PBXContainerItemProxy;
			containerPortal = 286A12691F66819000A82B08 /* Project object */;
			proxyType = 1;
			remoteGlobalIDString = 286A12701F66819000A82B08;
			remoteInfo = "Hello World";
		};
		286A12911F66819000A82B08 /* PBXContainerItemProxy */ = {
			isa = PBXContainerItemProxy;
			containerPortal = 286A12691F66819000A82B08 /* Project object */;
			proxyType = 1;
			remoteGlobalIDString = 286A12701F66819000A82B08;
			remoteInfo = "Hello World";
		};
/* End PBXContainerItemProxy section */

/* Begin PBXFileReference section */
		286A12711F66819000A82B08 /* Hello World.app */ = {isa = PBXFileReference; explicitFileType = wrapper.application; includeInIndex = 0; path = "Hello World.app"; sourceTree = BUILT_PRODUCTS_DIR; };
		286A12741F66819000A82B08 /* AppDelegate.swift */ = {isa = PBXFileReference; lastKnownFileType = sourcecode.swift; path = AppDelegate.swift; sourceTree = "<group>"; };
		286A12761F66819000A82B08 /* ViewController.swift */ = {isa = PBXFileReference; lastKnownFileType = sourcecode.swift; path = ViewController.swift; sourceTree = "<group>"; };
		286A12791F66819000A82B08 /* Base */ = {isa = PBXFileReference; lastKnownFileType = file.storyboard; name = Base; path = Base.lproj/Main.storyboard; sourceTree = "<group>"; };
		286A127B1F66819000A82B08 /* Assets.xcassets */ = {isa = PBXFileReference; lastKnownFileType = folder.assetcatalog; path = Assets.xcassets; sourceTree = "<group>"; };
		286A127E1F66819000A82B08 /* Base */ = {isa = PBXFileReference; lastKnownFileType = file.storyboard; name = Base; path = Base.lproj/LaunchScreen.storyboard; sourceTree = "<group>"; };
		286A12801F66819000A82B08 /* Info.plist */ = {isa = PBXFileReference; lastKnownFileType = text.plist.xml; path = Info.plist; sourceTree = "<group>"; };
		286A12851F66819000A82B08 /* Hello WorldTests.xctest */ = {isa = PBXFileReference; explicitFileType = wrapper.cfbundle; includeInIndex = 0; path = "Hello WorldTests.xctest"; sourceTree = BUILT_PRODUCTS_DIR; };
		286A12891F66819000A82B08 /* Hello_WorldTests.swift */ = {isa = PBXFileReference; lastKnownFileType = sourcecode.swift; path = Hello_WorldTests.swift; sourceTree = "<group>"; };
		286A128B1F66819000A82B08 /* Info.plist */ = {isa = PBXFileReference; lastKnownFileType = text.plist.xml; path = Info.plist; sourceTree = "<group>"; };
		286A12901F66819000A82B08 /* Hello WorldUITests.xctest */ = {isa = PBXFileReference; explicitFileType = wrapper.cfbundle; includeInIndex = 0; path = "Hello WorldUITests.xctest"; sourceTree = BUILT_PRODUCTS_DIR; };
		286A12941F66819000A82B08 /* Hello_WorldUITests.swift */ = {isa = PBXFileReference; lastKnownFileType = sourcecode.swift; path = Hello_WorldUITests.swift; sourceTree = "<group>"; };
		286A12961F66819000A82B08 /* Info.plist */ = {isa = PBXFileReference; lastKnownFileType = text.plist.xml; path = Info.plist; sourceTree = "<group>"; };
		286A12A21F6684CA00A82B08 /* Main.storyboard */ = {isa = PBXFileReference; fileEncoding = 4; lastKnownFileType = file.storyboard; name = Main.storyboard; path = "../../../../../../../../Desktop/离散数学/Main.storyboard"; sourceTree = "<group>"; };
/* End PBXFileReference section */

/* Begin PBXFrameworksBuildPhase section */
		286A126E1F66819000A82B08 /* Frameworks */ = {
			isa = PBXFrameworksBuildPhase;
			buildActionMask = 2147483647;
			files = (
			);
			runOnlyForDeploymentPostprocessing = 0;
		};
		286A12821F66819000A82B08 /* Frameworks */ = {
			isa = PBXFrameworksBuildPhase;
			buildActionMask = 2147483647;
			files = (
			);
			runOnlyForDeploymentPostprocessing = 0;
		};
		286A128D1F66819000A82B08 /* Frameworks */ = {
			isa = PBXFrameworksBuildPhase;
			buildActionMask = 2147483647;
			files = (
			);
			runOnlyForDeploymentPostprocessing = 0;
		};
/* End PBXFrameworksBuildPhase section */

/* Begin PBXGroup section */
		286A12681F66819000A82B08 = {
			isa = PBXGroup;
			children = (
				286A12731F66819000A82B08 /* Hello World */,
				286A12881F66819000A82B08 /* Hello WorldTests */,
				286A12931F66819000A82B08 /* Hello WorldUITests */,
				286A12721F66819000A82B08 /* Products */,
			);
			sourceTree = "<group>";
		};
		286A12721F66819000A82B08 /* Products */ = {
			isa = PBXGroup;
			children = (
				286A12711F66819000A82B08 /* Hello World.app */,
				286A12851F66819000A82B08 /* Hello WorldTests.xctest */,
				286A12901F66819000A82B08 /* Hello WorldUITests.xctest */,
			);
			name = Products;
			sourceTree = "<group>";
		};
		286A12731F66819000A82B08 /* Hello World */ = {
			isa = PBXGroup;
			children = (
				286A12741F66819000A82B08 /* AppDelegate.swift */,
				286A12761F66819000A82B08 /* ViewController.swift */,
				286A12781F66819000A82B08 /* Main.storyboard */,
				286A12A21F6684CA00A82B08 /* Main.storyboard */,
				286A127B1F66819000A82B08 /* Assets.xcassets */,
				286A127D1F66819000A82B08 /* LaunchScreen.storyboard */,
				286A12801F66819000A82B08 /* Info.plist */,
			);
			path = "Hello World";
			sourceTree = "<group>";
		};
		286A12881F66819000A82B08 /* Hello WorldTests */ = {
			isa = PBXGroup;
			children = (
				286A12891F66819000A82B08 /* Hello_WorldTests.swift */,
				286A128B1F66819000A82B08 /* Info.plist */,
			);
			path = "Hello WorldTests";
			sourceTree = "<group>";
		};
		286A12931F66819000A82B08 /* Hello WorldUITests */ = {
			isa = PBXGroup;
			children = (
				286A12941F66819000A82B08 /* Hello_WorldUITests.swift */,
				286A12961F66819000A82B08 /* Info.plist */,
			);
			path = "Hello WorldUITests";
			sourceTree = "<group>";
		};
/* End PBXGroup section */

/* Begin PBXNativeTarget section */
		286A12701F66819000A82B08 /* Hello World */ = {
			isa = PBXNativeTarget;
			buildConfigurationList = 286A12991F66819000A82B08 /* Build configuration list for PBXNativeTarget "Hello World" */;
			buildPhases = (
				286A126D1F66819000A82B08 /* Sources */,
				286A126E1F66819000A82B08 /* Frameworks */,
				286A126F1F66819000A82B08 /* Resources */,
			);
			buildRules = (
			);
			dependencies = (
			);
			name = "Hello World";
			productName = "Hello World";
			productReference = 286A12711F66819000A82B08 /* Hello World.app */;
			productType = "com.apple.product-type.application";
		};
		286A12841F66819000A82B08 /* Hello WorldTests */ = {
			isa = PBXNativeTarget;
			buildConfigurationList = 286A129C1F66819000A82B08 /* Build configuration list for PBXNativeTarget "Hello WorldTests" */;
			buildPhases = (
				286A12811F66819000A82B08 /* Sources */,
				286A12821F66819000A82B08 /* Frameworks */,
				286A12831F66819000A82B08 /* Resources */,
			);
			buildRules = (
			);
			dependencies = (
				286A12871F66819000A82B08 /* PBXTargetDependency */,
			);
			name = "Hello WorldTests";
			productName = "Hello WorldTests";
			productReference = 286A12851F66819000A82B08 /* Hello WorldTests.xctest */;
			productType = "com.apple.product-type.bundle.unit-test";
		};
		286A128F1F66819000A82B08 /* Hello WorldUITests */ = {
			isa = PBXNativeTarget;
			buildConfigurationList = 286A129F1F66819000A82B08 /* Build configuration list for PBXNativeTarget "Hello WorldUITests" */;
			buildPhases = (
				286A128C1F66819000A82B08 /* Sources */,
				286A128D1F66819000A82B08 /* Frameworks */,
				286A128E1F66819000A82B08 /* Resources */,
			);
			buildRules = (
			);
			dependencies = (
				286A12921F66819000A82B08 /* PBXTargetDependency */,
			);
			name = "Hello WorldUITests";
			productName = "Hello WorldUITests";
			productReference = 286A12901F66819000A82B08 /* Hello WorldUITests.xctest */;
			productType = "com.apple.product-type.bundle.ui-testing";
		};
/* End PBXNativeTarget section */

/* Begin PBXProject section */
		286A12691F66819000A82B08 /* Project object */ = {
			isa = PBXProject;
			attributes = {
				LastSwiftUpdateCheck = 0830;
				LastUpgradeCheck = 0830;
				ORGANIZATIONNAME = NJU;
				TargetAttributes = {
					286A12701F66819000A82B08 = {
						CreatedOnToolsVersion = 8.3.3;
						ProvisioningStyle = Automatic;
					};
					286A12841F66819000A82B08 = {
						CreatedOnToolsVersion = 8.3.3;
						ProvisioningStyle = Automatic;
						TestTargetID = 286A12701F66819000A82B08;
					};
					286A128F1F66819000A82B08 = {
						CreatedOnToolsVersion = 8.3.3;
						ProvisioningStyle = Automatic;
						TestTargetID = 286A12701F66819000A82B08;
					};
				};
			};
			buildConfigurationList = 286A126C1F66819000A82B08 /* Build configuration list for PBXProject "Hello World" */;
			compatibilityVersion = "Xcode 3.2";
			developmentRegion = English;
			hasScannedForEncodings = 0;
			knownRegions = (
				en,
				Base,
			);
			mainGroup = 286A12681F66819000A82B08;
			productRefGroup = 286A12721F66819000A82B08 /* Products */;
			projectDirPath = "";
			projectRoot = "";
			targets = (
				286A12701F66819000A82B08 /* Hello World */,
				286A12841F66819000A82B08 /* Hello WorldTests */,
				286A128F1F66819000A82B08 /* Hello WorldUITests */,
			);
		};
/* End PBXProject section */

/* Begin PBXResourcesBuildPhase section */
		286A126F1F66819000A82B08 /* Resources */ = {
			isa = PBXResourcesBuildPhase;
			buildActionMask = 2147483647;
			files = (
				286A127F1F66819000A82B08 /* LaunchScreen.storyboard in Resources */,
				286A127C1F66819000A82B08 /* Assets.xcassets in Resources */,
				286A127A1F66819000A82B08 /* Main.storyboard in Resources */,
				286A12A31F6684CA00A82B08 /* Main.storyboard in Resources */,
			);
			runOnlyForDeploymentPostprocessing = 0;
		};
		286A12831F66819000A82B08 /* Resources */ = {
			isa = PBXResourcesBuildPhase;
			buildActionMask = 2147483647;
			files = (
			);
			runOnlyForDeploymentPostprocessing = 0;
		};
		286A128E1F66819000A82B08 /* Resources */ = {
			isa = PBXResourcesBuildPhase;
			buildActionMask = 2147483647;
			files = (
			);
			runOnlyForDeploymentPostprocessing = 0;
		};
/* End PBXResourcesBuildPhase section */

/* Begin PBXSourcesBuildPhase section */
		286A126D1F66819000A82B08 /* Sources */ = {
			isa = PBXSourcesBuildPhase;
			buildActionMask = 2147483647;
			files = (
				286A12771F66819000A82B08 /* ViewController.swift in Sources */,
				286A12751F66819000A82B08 /* AppDelegate.swift in Sources */,
			);
			runOnlyForDeploymentPostprocessing = 0;
		};
		286A12811F66819000A82B08 /* Sources */ = {
			isa = PBXSourcesBuildPhase;
			buildActionMask = 2147483647;
			files = (
				286A128A1F66819000A82B08 /* Hello_WorldTests.swift in Sources */,
			);
			runOnlyForDeploymentPostprocessing = 0;
		};
		286A128C1F66819000A82B08 /* Sources */ = {
			isa = PBXSourcesBuildPhase;
			buildActionMask = 2147483647;
			files = (
				286A12951F66819000A82B08 /* Hello_WorldUITests.swift in Sources */,
			);
			runOnlyForDeploymentPostprocessing = 0;
		};
/* End PBXSourcesBuildPhase section */

/* Begin PBXTargetDependency section */
		286A12871F66819000A82B08 /* PBXTargetDependency */ = {
			isa = PBXTargetDependency;
			target = 286A12701F66819000A82B08 /* Hello World */;
			targetProxy = 286A12861F66819000A82B08 /* PBXContainerItemProxy */;
		};
		286A12921F66819000A82B08 /* PBXTargetDependency */ = {
			isa = PBXTargetDependency;
			target = 286A12701F66819000A82B08 /* Hello World */;
			targetProxy = 286A12911F66819000A82B08 /* PBXContainerItemProxy */;
		};
/* End PBXTargetDependency section */

/* Begin PBXVariantGroup section */
		286A12781F66819000A82B08 /* Main.storyboard */ = {
			isa = PBXVariantGroup;
			children = (
				286A12791F66819000A82B08 /* Base */,
			);
			name = Main.storyboard;
			sourceTree = "<group>";
		};
		286A127D1F66819000A82B08 /* LaunchScreen.storyboard */ = {
			isa = PBXVariantGroup;
			children = (
				286A127E1F66819000A82B08 /* Base */,
			);
			name = LaunchScreen.storyboard;
			sourceTree = "<group>";
		};
/* End PBXVariantGroup section */

/* Begin XCBuildConfiguration section */
		286A12971F66819000A82B08 /* Debug */ = {
			isa = XCBuildConfiguration;
			buildSettings = {
				ALWAYS_SEARCH_USER_PATHS = NO;
				CLANG_ANALYZER_NONNULL = YES;
				CLANG_ANALYZER_NUMBER_OBJECT_CONVERSION = YES_AGGRESSIVE;
				CLANG_CXX_LANGUAGE_STANDARD = "gnu++0x";
				CLANG_CXX_LIBRARY = "libc++";
				CLANG_ENABLE_MODULES = YES;
				CLANG_ENABLE_OBJC_ARC = YES;
				CLANG_WARN_BOOL_CONVERSION = YES;
				CLANG_WARN_CONSTANT_CONVERSION = YES;
				CLANG_WARN_DIRECT_OBJC_ISA_USAGE = YES_ERROR;
				CLANG_WARN_DOCUMENTATION_COMMENTS = YES;
				CLANG_WARN_EMPTY_BODY = YES;
				CLANG_WARN_ENUM_CONVERSION = YES;
				CLANG_WARN_INFINITE_RECURSION = YES;
				CLANG_WARN_INT_CONVERSION = YES;
				CLANG_WARN_OBJC_ROOT_CLASS = YES_ERROR;
				CLANG_WARN_SUSPICIOUS_MOVE = YES;
				CLANG_WARN_UNREACHABLE_CODE = YES;
				CLANG_WARN__DUPLICATE_METHOD_MATCH = YES;
				"CODE_SIGN_IDENTITY[sdk=iphoneos*]" = "iPhone Developer";
				COPY_PHASE_STRIP = NO;
				DEBUG_INFORMATION_FORMAT = dwarf;
				ENABLE_STRICT_OBJC_MSGSEND = YES;
				ENABLE_TESTABILITY = YES;
				GCC_C_LANGUAGE_STANDARD = gnu99;
				GCC_DYNAMIC_NO_PIC = NO;
				GCC_NO_COMMON_BLOCKS = YES;
				GCC_OPTIMIZATION_LEVEL = 0;
				GCC_PREPROCESSOR_DEFINITIONS = (
					"DEBUG=1",
					"$(inherited)",
				);
				GCC_WARN_64_TO_32_BIT_CONVERSION = YES;
				GCC_WARN_ABOUT_RETURN_TYPE = YES_ERROR;
				GCC_WARN_UNDECLARED_SELECTOR = YES;
				GCC_WARN_UNINITIALIZED_AUTOS = YES_AGGRESSIVE;
				GCC_WARN_UNUSED_FUNCTION = YES;
				GCC_WARN_UNUSED_VARIABLE = YES;
				IPHONEOS_DEPLOYMENT_TARGET = 10.3;
				MTL_ENABLE_DEBUG_INFO = YES;
				ONLY_ACTIVE_ARCH = YES;
				SDKROOT = iphoneos;
				SWIFT_ACTIVE_COMPILATION_CONDITIONS = DEBUG;
				SWIFT_OPTIMIZATION_LEVEL = "-Onone";
				TARGETED_DEVICE_FAMILY = "1,2";
			};
			name = Debug;
		};
		286A12981F66819000A82B08 /* Release */ = {
			isa = XCBuildConfiguration;
			buildSettings = {
				ALWAYS_SEARCH_USER_PATHS = NO;
				CLANG_ANALYZER_NONNULL = YES;
				CLANG_ANALYZER_NUMBER_OBJECT_CONVERSION = YES_AGGRESSIVE;
				CLANG_CXX_LANGUAGE_STANDARD = "gnu++0x";
				CLANG_CXX_LIBRARY = "libc++";
				CLANG_ENABLE_MODULES = YES;
				CLANG_ENABLE_OBJC_ARC = YES;
				CLANG_WARN_BOOL_CONVERSION = YES;
				CLANG_WARN_CONSTANT_CONVERSION = YES;
				CLANG_WARN_DIRECT_OBJC_ISA_USAGE = YES_ERROR;
				CLANG_WARN_DOCUMENTATION_COMMENTS = YES;
				CLANG_WARN_EMPTY_BODY = YES;
				CLANG_WARN_ENUM_CONVERSION = YES;
				CLANG_WARN_INFINITE_RECURSION = YES;
				CLANG_WARN_INT_CONVERSION = YES;
				CLANG_WARN_OBJC_ROOT_CLASS = YES_ERROR;
				CLANG_WARN_SUSPICIOUS_MOVE = YES;
				CLANG_WARN_UNREACHABLE_CODE = YES;
				CLANG_WARN__DUPLICATE_METHOD_MATCH = YES;
				"CODE_SIGN_IDENTITY[sdk=iphoneos*]" = "iPhone Developer";
				COPY_PHASE_STRIP = NO;
				DEBUG_INFORMATION_FORMAT = "dwarf-with-dsym";
				ENABLE_NS_ASSERTIONS = NO;
				ENABLE_STRICT_OBJC_MSGSEND = YES;
				GCC_C_LANGUAGE_STANDARD = gnu99;
				GCC_NO_COMMON_BLOCKS = YES;
				GCC_WARN_64_TO_32_BIT_CONVERSION = YES;
				GCC_WARN_ABOUT_RETURN_TYPE = YES_ERROR;
				GCC_WARN_UNDECLARED_SELECTOR = YES;
				GCC_WARN_UNINITIALIZED_AUTOS = YES_AGGRESSIVE;
				GCC_WARN_UNUSED_FUNCTION = YES;
				GCC_WARN_UNUSED_VARIABLE = YES;
				IPHONEOS_DEPLOYMENT_TARGET = 10.3;
				MTL_ENABLE_DEBUG_INFO = NO;
				SDKROOT = iphoneos;
				SWIFT_OPTIMIZATION_LEVEL = "-Owholemodule";
				TARGETED_DEVICE_FAMILY = "1,2";
				VALIDATE_PRODUCT = YES;
			};
			name = Release;
		};
		286A129A1F66819000A82B08 /* Debug */ = {
			isa = XCBuildConfiguration;
			buildSettings = {
				ASSETCATALOG_COMPILER_APPICON_NAME = AppIcon;
				INFOPLIST_FILE = "Hello World/Info.plist";
				LD_RUNPATH_SEARCH_PATHS = "$(inherited) @executable_path/Frameworks";
				PRODUCT_BUNDLE_IDENTIFIER = "cn.edu.nju.Hello-World";
				PRODUCT_NAME = "$(TARGET_NAME)";
				SWIFT_VERSION = 3.0;
			};
			name = Debug;
		};
		286A129B1F66819000A82B08 /* Release */ = {
			isa = XCBuildConfiguration;
			buildSettings = {
				ASSETCATALOG_COMPILER_APPICON_NAME = AppIcon;
				INFOPLIST_FILE = "Hello World/Info.plist";
				LD_RUNPATH_SEARCH_PATHS = "$(inherited) @executable_path/Frameworks";
				PRODUCT_BUNDLE_IDENTIFIER = "cn.edu.nju.Hello-World";
				PRODUCT_NAME = "$(TARGET_NAME)";
				SWIFT_VERSION = 3.0;
			};
			name = Release;
		};
		286A129D1F66819000A82B08 /* Debug */ = {
			isa = XCBuildConfiguration;
			buildSettings = {
				ALWAYS_EMBED_SWIFT_STANDARD_LIBRARIES = YES;
				BUNDLE_LOADER = "$(TEST_HOST)";
				INFOPLIST_FILE = "Hello WorldTests/Info.plist";
				LD_RUNPATH_SEARCH_PATHS = "$(inherited) @executable_path/Frameworks @loader_path/Frameworks";
				PRODUCT_BUNDLE_IDENTIFIER = "cn.edu.nju.Hello-WorldTests";
				PRODUCT_NAME = "$(TARGET_NAME)";
				SWIFT_VERSION = 3.0;
				TEST_HOST = "$(BUILT_PRODUCTS_DIR)/Hello World.app/Hello World";
			};
			name = Debug;
		};
		286A129E1F66819000A82B08 /* Release */ = {
			isa = XCBuildConfiguration;
			buildSettings = {
				ALWAYS_EMBED_SWIFT_STANDARD_LIBRARIES = YES;
				BUNDLE_LOADER = "$(TEST_HOST)";
				INFOPLIST_FILE = "Hello WorldTests/Info.plist";
				LD_RUNPATH_SEARCH_PATHS = "$(inherited) @executable_path/Frameworks @loader_path/Frameworks";
				PRODUCT_BUNDLE_IDENTIFIER = "cn.edu.nju.Hello-WorldTests";
				PRODUCT_NAME = "$(TARGET_NAME)";
				SWIFT_VERSION = 3.0;
				TEST_HOST = "$(BUILT_PRODUCTS_DIR)/Hello World.app/Hello World";
			};
			name = Release;
		};
		286A12A01F66819000A82B08 /* Debug */ = {
			isa = XCBuildConfiguration;
			buildSettings = {
				ALWAYS_EMBED_SWIFT_STANDARD_LIBRARIES = YES;
				INFOPLIST_FILE = "Hello WorldUITests/Info.plist";
				LD_RUNPATH_SEARCH_PATHS = "$(inherited) @executable_path/Frameworks @loader_path/Frameworks";
				PRODUCT_BUNDLE_IDENTIFIER = "cn.edu.nju.Hello-WorldUITests";
				PRODUCT_NAME = "$(TARGET_NAME)";
				SWIFT_VERSION = 3.0;
				TEST_TARGET_NAME = "Hello World";
			};
			name = Debug;
		};
		286A12A11F66819000A82B08 /* Release */ = {
			isa = XCBuildConfiguration;
			buildSettings = {
				ALWAYS_EMBED_SWIFT_STANDARD_LIBRARIES = YES;
				INFOPLIST_FILE = "Hello WorldUITests/Info.plist";
				LD_RUNPATH_SEARCH_PATHS = "$(inherited) @executable_path/Frameworks @loader_path/Frameworks";
				PRODUCT_BUNDLE_IDENTIFIER = "cn.edu.nju.Hello-WorldUITests";
				PRODUCT_NAME = "$(TARGET_NAME)";
				SWIFT_VERSION = 3.0;
				TEST_TARGET_NAME = "Hello World";
			};
			name = Release;
		};
/* End XCBuildConfiguration section */

/* Begin XCConfigurationList section */
		286A126C1F66819000A82B08 /* Build configuration list for PBXProject "Hello World" */ = {
			isa = XCConfigurationList;
			buildConfigurations = (
				286A12971F66819000A82B08 /* Debug */,
				286A12981F66819000A82B08 /* Release */,
			);
			defaultConfigurationIsVisible = 0;
			defaultConfigurationName = Release;
		};
		286A12991F66819000A82B08 /* Build configuration list for PBXNativeTarget "Hello World" */ = {
			isa = XCConfigurationList;
			buildConfigurations = (
				286A129A1F66819000A82B08 /* Debug */,
				286A129B1F66819000A82B08 /* Release */,
			);
			defaultConfigurationIsVisible = 0;
			defaultConfigurationName = Release;
		};
		286A129C1F66819000A82B08 /* Build configuration list for PBXNativeTarget "Hello WorldTests" */ = {
			isa = XCConfigurationList;
			buildConfigurations = (
				286A129D1F66819000A82B08 /* Debug */,
				286A129E1F66819000A82B08 /* Release */,
			);
			defaultConfigurationIsVisible = 0;
			defaultConfigurationName = Release;
		};
		286A129F1F66819000A82B08 /* Build configuration list for PBXNativeTarget "Hello WorldUITests" */ = {
			isa = XCConfigurationList;
			buildConfigurations = (
				286A12A01F66819000A82B08 /* Debug */,
				286A12A11F66819000A82B08 /* Release */,
			);
			defaultConfigurationIsVisible = 0;
			defaultConfigurationName = Release;
		};
/* End XCConfigurationList section */
	};
	rootObject = 286A12691F66819000A82B08 /* Project object */;
}
