// !$*UTF8*$!
{
	archiveVersion = 1;
	classes = {
	};
	objectVersion = 46;
	objects = {

/* Begin PBXBuildFile section */
		00ED607A1F66616600F5E3F8 /* AppDelegate.swift in Sources */ = {isa = PBXBuildFile; fileRef = 00ED60791F66616600F5E3F8 /* AppDelegate.swift */; };
		00ED607C1F66616600F5E3F8 /* ViewController.swift in Sources */ = {isa = PBXBuildFile; fileRef = 00ED607B1F66616600F5E3F8 /* ViewController.swift */; };
		00ED607F1F66616600F5E3F8 /* Main.storyboard in Resources */ = {isa = PBXBuildFile; fileRef = 00ED607D1F66616600F5E3F8 /* Main.storyboard */; };
		00ED60811F66616600F5E3F8 /* Assets.xcassets in Resources */ = {isa = PBXBuildFile; fileRef = 00ED60801F66616600F5E3F8 /* Assets.xcassets */; };
		00ED60841F66616600F5E3F8 /* LaunchScreen.storyboard in Resources */ = {isa = PBXBuildFile; fileRef = 00ED60821F66616600F5E3F8 /* LaunchScreen.storyboard */; };
		00ED608F1F66616600F5E3F8 /* IOStest0Tests.swift in Sources */ = {isa = PBXBuildFile; fileRef = 00ED608E1F66616600F5E3F8 /* IOStest0Tests.swift */; };
		00ED609A1F66616600F5E3F8 /* IOStest0UITests.swift in Sources */ = {isa = PBXBuildFile; fileRef = 00ED60991F66616600F5E3F8 /* IOStest0UITests.swift */; };
/* End PBXBuildFile section */

/* Begin PBXContainerItemProxy section */
		00ED608B1F66616600F5E3F8 /* PBXContainerItemProxy */ = {
			isa = PBXContainerItemProxy;
			containerPortal = 00ED606E1F66616600F5E3F8 /* Project object */;
			proxyType = 1;
			remoteGlobalIDString = 00ED60751F66616600F5E3F8;
			remoteInfo = IOStest0;
		};
		00ED60961F66616600F5E3F8 /* PBXContainerItemProxy */ = {
			isa = PBXContainerItemProxy;
			containerPortal = 00ED606E1F66616600F5E3F8 /* Project object */;
			proxyType = 1;
			remoteGlobalIDString = 00ED60751F66616600F5E3F8;
			remoteInfo = IOStest0;
		};
/* End PBXContainerItemProxy section */

/* Begin PBXFileReference section */
		00ED60761F66616600F5E3F8 /* IOStest0.app */ = {isa = PBXFileReference; explicitFileType = wrapper.application; includeInIndex = 0; path = IOStest0.app; sourceTree = BUILT_PRODUCTS_DIR; };
		00ED60791F66616600F5E3F8 /* AppDelegate.swift */ = {isa = PBXFileReference; lastKnownFileType = sourcecode.swift; path = AppDelegate.swift; sourceTree = "<group>"; };
		00ED607B1F66616600F5E3F8 /* ViewController.swift */ = {isa = PBXFileReference; lastKnownFileType = sourcecode.swift; path = ViewController.swift; sourceTree = "<group>"; };
		00ED607E1F66616600F5E3F8 /* Base */ = {isa = PBXFileReference; lastKnownFileType = file.storyboard; name = Base; path = Base.lproj/Main.storyboard; sourceTree = "<group>"; };
		00ED60801F66616600F5E3F8 /* Assets.xcassets */ = {isa = PBXFileReference; lastKnownFileType = folder.assetcatalog; path = Assets.xcassets; sourceTree = "<group>"; };
		00ED60831F66616600F5E3F8 /* Base */ = {isa = PBXFileReference; lastKnownFileType = file.storyboard; name = Base; path = Base.lproj/LaunchScreen.storyboard; sourceTree = "<group>"; };
		00ED60851F66616600F5E3F8 /* Info.plist */ = {isa = PBXFileReference; lastKnownFileType = text.plist.xml; path = Info.plist; sourceTree = "<group>"; };
		00ED608A1F66616600F5E3F8 /* IOStest0Tests.xctest */ = {isa = PBXFileReference; explicitFileType = wrapper.cfbundle; includeInIndex = 0; path = IOStest0Tests.xctest; sourceTree = BUILT_PRODUCTS_DIR; };
		00ED608E1F66616600F5E3F8 /* IOStest0Tests.swift */ = {isa = PBXFileReference; lastKnownFileType = sourcecode.swift; path = IOStest0Tests.swift; sourceTree = "<group>"; };
		00ED60901F66616600F5E3F8 /* Info.plist */ = {isa = PBXFileReference; lastKnownFileType = text.plist.xml; path = Info.plist; sourceTree = "<group>"; };
		00ED60951F66616600F5E3F8 /* IOStest0UITests.xctest */ = {isa = PBXFileReference; explicitFileType = wrapper.cfbundle; includeInIndex = 0; path = IOStest0UITests.xctest; sourceTree = BUILT_PRODUCTS_DIR; };
		00ED60991F66616600F5E3F8 /* IOStest0UITests.swift */ = {isa = PBXFileReference; lastKnownFileType = sourcecode.swift; path = IOStest0UITests.swift; sourceTree = "<group>"; };
		00ED609B1F66616600F5E3F8 /* Info.plist */ = {isa = PBXFileReference; lastKnownFileType = text.plist.xml; path = Info.plist; sourceTree = "<group>"; };
/* End PBXFileReference section */

/* Begin PBXFrameworksBuildPhase section */
		00ED60731F66616600F5E3F8 /* Frameworks */ = {
			isa = PBXFrameworksBuildPhase;
			buildActionMask = 2147483647;
			files = (
			);
			runOnlyForDeploymentPostprocessing = 0;
		};
		00ED60871F66616600F5E3F8 /* Frameworks */ = {
			isa = PBXFrameworksBuildPhase;
			buildActionMask = 2147483647;
			files = (
			);
			runOnlyForDeploymentPostprocessing = 0;
		};
		00ED60921F66616600F5E3F8 /* Frameworks */ = {
			isa = PBXFrameworksBuildPhase;
			buildActionMask = 2147483647;
			files = (
			);
			runOnlyForDeploymentPostprocessing = 0;
		};
/* End PBXFrameworksBuildPhase section */

/* Begin PBXGroup section */
		00ED606D1F66616600F5E3F8 = {
			isa = PBXGroup;
			children = (
				00ED60781F66616600F5E3F8 /* IOStest0 */,
				00ED608D1F66616600F5E3F8 /* IOStest0Tests */,
				00ED60981F66616600F5E3F8 /* IOStest0UITests */,
				00ED60771F66616600F5E3F8 /* Products */,
			);
			sourceTree = "<group>";
		};
		00ED60771F66616600F5E3F8 /* Products */ = {
			isa = PBXGroup;
			children = (
				00ED60761F66616600F5E3F8 /* IOStest0.app */,
				00ED608A1F66616600F5E3F8 /* IOStest0Tests.xctest */,
				00ED60951F66616600F5E3F8 /* IOStest0UITests.xctest */,
			);
			name = Products;
			sourceTree = "<group>";
		};
		00ED60781F66616600F5E3F8 /* IOStest0 */ = {
			isa = PBXGroup;
			children = (
				00ED60791F66616600F5E3F8 /* AppDelegate.swift */,
				00ED607B1F66616600F5E3F8 /* ViewController.swift */,
				00ED607D1F66616600F5E3F8 /* Main.storyboard */,
				00ED60801F66616600F5E3F8 /* Assets.xcassets */,
				00ED60821F66616600F5E3F8 /* LaunchScreen.storyboard */,
				00ED60851F66616600F5E3F8 /* Info.plist */,
			);
			path = IOStest0;
			sourceTree = "<group>";
		};
		00ED608D1F66616600F5E3F8 /* IOStest0Tests */ = {
			isa = PBXGroup;
			children = (
				00ED608E1F66616600F5E3F8 /* IOStest0Tests.swift */,
				00ED60901F66616600F5E3F8 /* Info.plist */,
			);
			path = IOStest0Tests;
			sourceTree = "<group>";
		};
		00ED60981F66616600F5E3F8 /* IOStest0UITests */ = {
			isa = PBXGroup;
			children = (
				00ED60991F66616600F5E3F8 /* IOStest0UITests.swift */,
				00ED609B1F66616600F5E3F8 /* Info.plist */,
			);
			path = IOStest0UITests;
			sourceTree = "<group>";
		};
/* End PBXGroup section */

/* Begin PBXNativeTarget section */
		00ED60751F66616600F5E3F8 /* IOStest0 */ = {
			isa = PBXNativeTarget;
			buildConfigurationList = 00ED609E1F66616600F5E3F8 /* Build configuration list for PBXNativeTarget "IOStest0" */;
			buildPhases = (
				00ED60721F66616600F5E3F8 /* Sources */,
				00ED60731F66616600F5E3F8 /* Frameworks */,
				00ED60741F66616600F5E3F8 /* Resources */,
			);
			buildRules = (
			);
			dependencies = (
			);
			name = IOStest0;
			productName = IOStest0;
			productReference = 00ED60761F66616600F5E3F8 /* IOStest0.app */;
			productType = "com.apple.product-type.application";
		};
		00ED60891F66616600F5E3F8 /* IOStest0Tests */ = {
			isa = PBXNativeTarget;
			buildConfigurationList = 00ED60A11F66616600F5E3F8 /* Build configuration list for PBXNativeTarget "IOStest0Tests" */;
			buildPhases = (
				00ED60861F66616600F5E3F8 /* Sources */,
				00ED60871F66616600F5E3F8 /* Frameworks */,
				00ED60881F66616600F5E3F8 /* Resources */,
			);
			buildRules = (
			);
			dependencies = (
				00ED608C1F66616600F5E3F8 /* PBXTargetDependency */,
			);
			name = IOStest0Tests;
			productName = IOStest0Tests;
			productReference = 00ED608A1F66616600F5E3F8 /* IOStest0Tests.xctest */;
			productType = "com.apple.product-type.bundle.unit-test";
		};
		00ED60941F66616600F5E3F8 /* IOStest0UITests */ = {
			isa = PBXNativeTarget;
			buildConfigurationList = 00ED60A41F66616600F5E3F8 /* Build configuration list for PBXNativeTarget "IOStest0UITests" */;
			buildPhases = (
				00ED60911F66616600F5E3F8 /* Sources */,
				00ED60921F66616600F5E3F8 /* Frameworks */,
				00ED60931F66616600F5E3F8 /* Resources */,
			);
			buildRules = (
			);
			dependencies = (
				00ED60971F66616600F5E3F8 /* PBXTargetDependency */,
			);
			name = IOStest0UITests;
			productName = IOStest0UITests;
			productReference = 00ED60951F66616600F5E3F8 /* IOStest0UITests.xctest */;
			productType = "com.apple.product-type.bundle.ui-testing";
		};
/* End PBXNativeTarget section */

/* Begin PBXProject section */
		00ED606E1F66616600F5E3F8 /* Project object */ = {
			isa = PBXProject;
			attributes = {
				LastSwiftUpdateCheck = 0830;
				LastUpgradeCheck = 0830;
				ORGANIZATIONNAME = "王宇鑫";
				TargetAttributes = {
					00ED60751F66616600F5E3F8 = {
						CreatedOnToolsVersion = 8.3.3;
						DevelopmentTeam = 5VNNC4KHA4;
						ProvisioningStyle = Automatic;
					};
					00ED60891F66616600F5E3F8 = {
						CreatedOnToolsVersion = 8.3.3;
						DevelopmentTeam = 5VNNC4KHA4;
						ProvisioningStyle = Automatic;
						TestTargetID = 00ED60751F66616600F5E3F8;
					};
					00ED60941F66616600F5E3F8 = {
						CreatedOnToolsVersion = 8.3.3;
						DevelopmentTeam = 5VNNC4KHA4;
						ProvisioningStyle = Automatic;
						TestTargetID = 00ED60751F66616600F5E3F8;
					};
				};
			};
			buildConfigurationList = 00ED60711F66616600F5E3F8 /* Build configuration list for PBXProject "IOStest0" */;
			compatibilityVersion = "Xcode 3.2";
			developmentRegion = English;
			hasScannedForEncodings = 0;
			knownRegions = (
				en,
				Base,
			);
			mainGroup = 00ED606D1F66616600F5E3F8;
			productRefGroup = 00ED60771F66616600F5E3F8 /* Products */;
			projectDirPath = "";
			projectRoot = "";
			targets = (
				00ED60751F66616600F5E3F8 /* IOStest0 */,
				00ED60891F66616600F5E3F8 /* IOStest0Tests */,
				00ED60941F66616600F5E3F8 /* IOStest0UITests */,
			);
		};
/* End PBXProject section */

/* Begin PBXResourcesBuildPhase section */
		00ED60741F66616600F5E3F8 /* Resources */ = {
			isa = PBXResourcesBuildPhase;
			buildActionMask = 2147483647;
			files = (
				00ED60841F66616600F5E3F8 /* LaunchScreen.storyboard in Resources */,
				00ED60811F66616600F5E3F8 /* Assets.xcassets in Resources */,
				00ED607F1F66616600F5E3F8 /* Main.storyboard in Resources */,
			);
			runOnlyForDeploymentPostprocessing = 0;
		};
		00ED60881F66616600F5E3F8 /* Resources */ = {
			isa = PBXResourcesBuildPhase;
			buildActionMask = 2147483647;
			files = (
			);
			runOnlyForDeploymentPostprocessing = 0;
		};
		00ED60931F66616600F5E3F8 /* Resources */ = {
			isa = PBXResourcesBuildPhase;
			buildActionMask = 2147483647;
			files = (
			);
			runOnlyForDeploymentPostprocessing = 0;
		};
/* End PBXResourcesBuildPhase section */

/* Begin PBXSourcesBuildPhase section */
		00ED60721F66616600F5E3F8 /* Sources */ = {
			isa = PBXSourcesBuildPhase;
			buildActionMask = 2147483647;
			files = (
				00ED607C1F66616600F5E3F8 /* ViewController.swift in Sources */,
				00ED607A1F66616600F5E3F8 /* AppDelegate.swift in Sources */,
			);
			runOnlyForDeploymentPostprocessing = 0;
		};
		00ED60861F66616600F5E3F8 /* Sources */ = {
			isa = PBXSourcesBuildPhase;
			buildActionMask = 2147483647;
			files = (
				00ED608F1F66616600F5E3F8 /* IOStest0Tests.swift in Sources */,
			);
			runOnlyForDeploymentPostprocessing = 0;
		};
		00ED60911F66616600F5E3F8 /* Sources */ = {
			isa = PBXSourcesBuildPhase;
			buildActionMask = 2147483647;
			files = (
				00ED609A1F66616600F5E3F8 /* IOStest0UITests.swift in Sources */,
			);
			runOnlyForDeploymentPostprocessing = 0;
		};
/* End PBXSourcesBuildPhase section */

/* Begin PBXTargetDependency section */
		00ED608C1F66616600F5E3F8 /* PBXTargetDependency */ = {
			isa = PBXTargetDependency;
			target = 00ED60751F66616600F5E3F8 /* IOStest0 */;
			targetProxy = 00ED608B1F66616600F5E3F8 /* PBXContainerItemProxy */;
		};
		00ED60971F66616600F5E3F8 /* PBXTargetDependency */ = {
			isa = PBXTargetDependency;
			target = 00ED60751F66616600F5E3F8 /* IOStest0 */;
			targetProxy = 00ED60961F66616600F5E3F8 /* PBXContainerItemProxy */;
		};
/* End PBXTargetDependency section */

/* Begin PBXVariantGroup section */
		00ED607D1F66616600F5E3F8 /* Main.storyboard */ = {
			isa = PBXVariantGroup;
			children = (
				00ED607E1F66616600F5E3F8 /* Base */,
			);
			name = Main.storyboard;
			sourceTree = "<group>";
		};
		00ED60821F66616600F5E3F8 /* LaunchScreen.storyboard */ = {
			isa = PBXVariantGroup;
			children = (
				00ED60831F66616600F5E3F8 /* Base */,
			);
			name = LaunchScreen.storyboard;
			sourceTree = "<group>";
		};
/* End PBXVariantGroup section */

/* Begin XCBuildConfiguration section */
		00ED609C1F66616600F5E3F8 /* Debug */ = {
			isa = XCBuildConfiguration;
			buildSettings = {
				ALWAYS_SEARCH_USER_PATHS = NO;
				CLANG_ANALYZER_NONNULL = YES;
				CLANG_ANALYZER_NUMBER_OBJECT_CONVERSION = YES_AGGRESSIVE;
				CLANG_CXX_LANGUAGE_STANDARD = "gnu++0x";
				CLANG_CXX_LIBRARY = "libc++";
				CLANG_ENABLE_MODULES = YES;
				CLANG_ENABLE_OBJC_ARC = YES;
				CLANG_WARN_BOOL_CONVERSION = YES;
				CLANG_WARN_CONSTANT_CONVERSION = YES;
				CLANG_WARN_DIRECT_OBJC_ISA_USAGE = YES_ERROR;
				CLANG_WARN_DOCUMENTATION_COMMENTS = YES;
				CLANG_WARN_EMPTY_BODY = YES;
				CLANG_WARN_ENUM_CONVERSION = YES;
				CLANG_WARN_INFINITE_RECURSION = YES;
				CLANG_WARN_INT_CONVERSION = YES;
				CLANG_WARN_OBJC_ROOT_CLASS = YES_ERROR;
				CLANG_WARN_SUSPICIOUS_MOVE = YES;
				CLANG_WARN_UNREACHABLE_CODE = YES;
				CLANG_WARN__DUPLICATE_METHOD_MATCH = YES;
				"CODE_SIGN_IDENTITY[sdk=iphoneos*]" = "iPhone Developer";
				COPY_PHASE_STRIP = NO;
				DEBUG_INFORMATION_FORMAT = dwarf;
				ENABLE_STRICT_OBJC_MSGSEND = YES;
				ENABLE_TESTABILITY = YES;
				GCC_C_LANGUAGE_STANDARD = gnu99;
				GCC_DYNAMIC_NO_PIC = NO;
				GCC_NO_COMMON_BLOCKS = YES;
				GCC_OPTIMIZATION_LEVEL = 0;
				GCC_PREPROCESSOR_DEFINITIONS = (
					"DEBUG=1",
					"$(inherited)",
				);
				GCC_WARN_64_TO_32_BIT_CONVERSION = YES;
				GCC_WARN_ABOUT_RETURN_TYPE = YES_ERROR;
				GCC_WARN_UNDECLARED_SELECTOR = YES;
				GCC_WARN_UNINITIALIZED_AUTOS = YES_AGGRESSIVE;
				GCC_WARN_UNUSED_FUNCTION = YES;
				GCC_WARN_UNUSED_VARIABLE = YES;
				IPHONEOS_DEPLOYMENT_TARGET = 10.3;
				MTL_ENABLE_DEBUG_INFO = YES;
				ONLY_ACTIVE_ARCH = YES;
				SDKROOT = iphoneos;
				SWIFT_ACTIVE_COMPILATION_CONDITIONS = DEBUG;
				SWIFT_OPTIMIZATION_LEVEL = "-Onone";
				TARGETED_DEVICE_FAMILY = "1,2";
			};
			name = Debug;
		};
		00ED609D1F66616600F5E3F8 /* Release */ = {
			isa = XCBuildConfiguration;
			buildSettings = {
				ALWAYS_SEARCH_USER_PATHS = NO;
				CLANG_ANALYZER_NONNULL = YES;
				CLANG_ANALYZER_NUMBER_OBJECT_CONVERSION = YES_AGGRESSIVE;
				CLANG_CXX_LANGUAGE_STANDARD = "gnu++0x";
				CLANG_CXX_LIBRARY = "libc++";
				CLANG_ENABLE_MODULES = YES;
				CLANG_ENABLE_OBJC_ARC = YES;
				CLANG_WARN_BOOL_CONVERSION = YES;
				CLANG_WARN_CONSTANT_CONVERSION = YES;
				CLANG_WARN_DIRECT_OBJC_ISA_USAGE = YES_ERROR;
				CLANG_WARN_DOCUMENTATION_COMMENTS = YES;
				CLANG_WARN_EMPTY_BODY = YES;
				CLANG_WARN_ENUM_CONVERSION = YES;
				CLANG_WARN_INFINITE_RECURSION = YES;
				CLANG_WARN_INT_CONVERSION = YES;
				CLANG_WARN_OBJC_ROOT_CLASS = YES_ERROR;
				CLANG_WARN_SUSPICIOUS_MOVE = YES;
				CLANG_WARN_UNREACHABLE_CODE = YES;
				CLANG_WARN__DUPLICATE_METHOD_MATCH = YES;
				"CODE_SIGN_IDENTITY[sdk=iphoneos*]" = "iPhone Developer";
				COPY_PHASE_STRIP = NO;
				DEBUG_INFORMATION_FORMAT = "dwarf-with-dsym";
				ENABLE_NS_ASSERTIONS = NO;
				ENABLE_STRICT_OBJC_MSGSEND = YES;
				GCC_C_LANGUAGE_STANDARD = gnu99;
				GCC_NO_COMMON_BLOCKS = YES;
				GCC_WARN_64_TO_32_BIT_CONVERSION = YES;
				GCC_WARN_ABOUT_RETURN_TYPE = YES_ERROR;
				GCC_WARN_UNDECLARED_SELECTOR = YES;
				GCC_WARN_UNINITIALIZED_AUTOS = YES_AGGRESSIVE;
				GCC_WARN_UNUSED_FUNCTION = YES;
				GCC_WARN_UNUSED_VARIABLE = YES;
				IPHONEOS_DEPLOYMENT_TARGET = 10.3;
				MTL_ENABLE_DEBUG_INFO = NO;
				SDKROOT = iphoneos;
				SWIFT_OPTIMIZATION_LEVEL = "-Owholemodule";
				TARGETED_DEVICE_FAMILY = "1,2";
				VALIDATE_PRODUCT = YES;
			};
			name = Release;
		};
		00ED609F1F66616600F5E3F8 /* Debug */ = {
			isa = XCBuildConfiguration;
			buildSettings = {
				ASSETCATALOG_COMPILER_APPICON_NAME = AppIcon;
				DEVELOPMENT_TEAM = 5VNNC4KHA4;
				INFOPLIST_FILE = IOStest0/Info.plist;
				LD_RUNPATH_SEARCH_PATHS = "$(inherited) @executable_path/Frameworks";
				PRODUCT_BUNDLE_IDENTIFIER = RailgunHamster.IOStest0;
				PRODUCT_NAME = "$(TARGET_NAME)";
				SWIFT_VERSION = 3.0;
			};
			name = Debug;
		};
		00ED60A01F66616600F5E3F8 /* Release */ = {
			isa = XCBuildConfiguration;
			buildSettings = {
				ASSETCATALOG_COMPILER_APPICON_NAME = AppIcon;
				DEVELOPMENT_TEAM = 5VNNC4KHA4;
				INFOPLIST_FILE = IOStest0/Info.plist;
				LD_RUNPATH_SEARCH_PATHS = "$(inherited) @executable_path/Frameworks";
				PRODUCT_BUNDLE_IDENTIFIER = RailgunHamster.IOStest0;
				PRODUCT_NAME = "$(TARGET_NAME)";
				SWIFT_VERSION = 3.0;
			};
			name = Release;
		};
		00ED60A21F66616600F5E3F8 /* Debug */ = {
			isa = XCBuildConfiguration;
			buildSettings = {
				ALWAYS_EMBED_SWIFT_STANDARD_LIBRARIES = YES;
				BUNDLE_LOADER = "$(TEST_HOST)";
				DEVELOPMENT_TEAM = 5VNNC4KHA4;
				INFOPLIST_FILE = IOStest0Tests/Info.plist;
				LD_RUNPATH_SEARCH_PATHS = "$(inherited) @executable_path/Frameworks @loader_path/Frameworks";
				PRODUCT_BUNDLE_IDENTIFIER = RailgunHamster.IOStest0Tests;
				PRODUCT_NAME = "$(TARGET_NAME)";
				SWIFT_VERSION = 3.0;
				TEST_HOST = "$(BUILT_PRODUCTS_DIR)/IOStest0.app/IOStest0";
			};
			name = Debug;
		};
		00ED60A31F66616600F5E3F8 /* Release */ = {
			isa = XCBuildConfiguration;
			buildSettings = {
				ALWAYS_EMBED_SWIFT_STANDARD_LIBRARIES = YES;
				BUNDLE_LOADER = "$(TEST_HOST)";
				DEVELOPMENT_TEAM = 5VNNC4KHA4;
				INFOPLIST_FILE = IOStest0Tests/Info.plist;
				LD_RUNPATH_SEARCH_PATHS = "$(inherited) @executable_path/Frameworks @loader_path/Frameworks";
				PRODUCT_BUNDLE_IDENTIFIER = RailgunHamster.IOStest0Tests;
				PRODUCT_NAME = "$(TARGET_NAME)";
				SWIFT_VERSION = 3.0;
				TEST_HOST = "$(BUILT_PRODUCTS_DIR)/IOStest0.app/IOStest0";
			};
			name = Release;
		};
		00ED60A51F66616600F5E3F8 /* Debug */ = {
			isa = XCBuildConfiguration;
			buildSettings = {
				ALWAYS_EMBED_SWIFT_STANDARD_LIBRARIES = YES;
				DEVELOPMENT_TEAM = 5VNNC4KHA4;
				INFOPLIST_FILE = IOStest0UITests/Info.plist;
				LD_RUNPATH_SEARCH_PATHS = "$(inherited) @executable_path/Frameworks @loader_path/Frameworks";
				PRODUCT_BUNDLE_IDENTIFIER = RailgunHamster.IOStest0UITests;
				PRODUCT_NAME = "$(TARGET_NAME)";
				SWIFT_VERSION = 3.0;
				TEST_TARGET_NAME = IOStest0;
			};
			name = Debug;
		};
		00ED60A61F66616600F5E3F8 /* Release */ = {
			isa = XCBuildConfiguration;
			buildSettings = {
				ALWAYS_EMBED_SWIFT_STANDARD_LIBRARIES = YES;
				DEVELOPMENT_TEAM = 5VNNC4KHA4;
				INFOPLIST_FILE = IOStest0UITests/Info.plist;
				LD_RUNPATH_SEARCH_PATHS = "$(inherited) @executable_path/Frameworks @loader_path/Frameworks";
				PRODUCT_BUNDLE_IDENTIFIER = RailgunHamster.IOStest0UITests;
				PRODUCT_NAME = "$(TARGET_NAME)";
				SWIFT_VERSION = 3.0;
				TEST_TARGET_NAME = IOStest0;
			};
			name = Release;
		};
/* End XCBuildConfiguration section */

/* Begin XCConfigurationList section */
		00ED60711F66616600F5E3F8 /* Build configuration list for PBXProject "IOStest0" */ = {
			isa = XCConfigurationList;
			buildConfigurations = (
				00ED609C1F66616600F5E3F8 /* Debug */,
				00ED609D1F66616600F5E3F8 /* Release */,
			);
			defaultConfigurationIsVisible = 0;
			defaultConfigurationName = Release;
		};
		00ED609E1F66616600F5E3F8 /* Build configuration list for PBXNativeTarget "IOStest0" */ = {
			isa = XCConfigurationList;
			buildConfigurations = (
				00ED609F1F66616600F5E3F8 /* Debug */,
				00ED60A01F66616600F5E3F8 /* Release */,
			);
			defaultConfigurationIsVisible = 0;
		};
		00ED60A11F66616600F5E3F8 /* Build configuration list for PBXNativeTarget "IOStest0Tests" */ = {
			isa = XCConfigurationList;
			buildConfigurations = (
				00ED60A21F66616600F5E3F8 /* Debug */,
				00ED60A31F66616600F5E3F8 /* Release */,
			);
			defaultConfigurationIsVisible = 0;
		};
		00ED60A41F66616600F5E3F8 /* Build configuration list for PBXNativeTarget "IOStest0UITests" */ = {
			isa = XCConfigurationList;
			buildConfigurations = (
				00ED60A51F66616600F5E3F8 /* Debug */,
				00ED60A61F66616600F5E3F8 /* Release */,
			);
			defaultConfigurationIsVisible = 0;
		};
/* End XCConfigurationList section */
	};
	rootObject = 00ED606E1F66616600F5E3F8 /* Project object */;
}
